
Microsoft Visual Studio Solution File, Format Version 12.00
# Visual Studio 14
VisualStudioVersion = 14.0.25420.1
MinimumVisualStudioVersion = 10.0.40219.1
Project("{FAE04EC0-301F-11D3-BF4B-00C04F79EFBC}") = "Square-Area", "Square-Area\Square-Area.csproj", "{89349991-FC01-49ED-BDAB-01402B7FE543}"
EndProject
Project("{FAE04EC0-301F-11D3-BF4B-00C04F79EFBC}") = "Inches-to-Centimeters", "Inches-to-Centimeters\Inches-to-Centimeters.csproj", "{F9072076-D7ED-4330-B0D5-BA0C6CC65AC6}"
EndProject
Project("{FAE04EC0-301F-11D3-BF4B-00C04F79EFBC}") = "Greetings", "Greetings\Greetings.csproj", "{EAA23007-6C50-411F-AA58-147F5F491B51}"
EndProject
Project("{FAE04EC0-301F-11D3-BF4B-00C04F79EFBC}") = "Concatenate-Data", "Concatenate-Data\Concatenate-Data.csproj", "{EE0195EE-94CE-48A8-8AAB-2FC89C2D6AFA}"
EndProject
Project("{FAE04EC0-301F-11D3-BF4B-00C04F79EFBC}") = "Trapezoid-Area", "Trapezoid-Area\Trapezoid-Area.csproj", "{F14394B7-891A-4531-82A9-8403AC6E9E46}"
EndProject
Project("{FAE04EC0-301F-11D3-BF4B-00C04F79EFBC}") = "Circle-Area", "Circle-Area\Circle-Area.csproj", "{D979B378-402D-4758-88B8-71C0141010EA}"
EndProject
Project("{FAE04EC0-301F-11D3-BF4B-00C04F79EFBC}") = "Triangle_Area", "Triangle_Area\Triangle_Area.csproj", "{07E84B44-85DA-4294-8391-A9CFC18CFFCA}"
EndProject
Project("{FAE04EC0-301F-11D3-BF4B-00C04F79EFBC}") = "Celsius to Fahrenheit", "Celsius to Fahrenheit\Celsius to Fahrenheit.csproj", "{67285252-98D2-45D0-9648-8476F72BC0A9}"
EndProject
Project("{FAE04EC0-301F-11D3-BF4B-00C04F79EFBC}") = "Radians to Degrees", "Radians to Degrees\Radians to Degrees.csproj", "{6D482BEB-6200-49AE-8025-2A5412EC550F}"
EndProject
Project("{FAE04EC0-301F-11D3-BF4B-00C04F79EFBC}") = "USD to BGN", "USD to BGN\USD to BGN.csproj", "{7EED6D35-7319-43C3-9F01-56634C12CD8E}"
EndProject
Project("{FAE04EC0-301F-11D3-BF4B-00C04F79EFBC}") = "ConsoleApplication1", "ConsoleApplication1\ConsoleApplication1.csproj", "{F0F7B27B-4030-4C86-8213-8031D0493228}"
EndProject
Project("{FAE04EC0-301F-11D3-BF4B-00C04F79EFBC}") = "BGN-to-EUR-Converter", "BGN-to-EUR-Converter\BGN-to-EUR-Converter.csproj", "{B331626E-F34C-41A6-B23B-7C04759AB562}"
EndProject
Project("{FAE04EC0-301F-11D3-BF4B-00C04F79EFBC}") = "BGN-to-EUR-Converterr", "BGN-to-EUR-Converterr\BGN-to-EUR-Converterr.csproj", "{E503BD28-CD1F-47E4-919E-58AC1CD96DC3}"
EndProject
Project("{FAE04EC0-301F-11D3-BF4B-00C04F79EFBC}") = "Plodove_i_Zelenchuci", "Plodove_i_Zelenchuci\Plodove_i_Zelenchuci.csproj", "{090FDFAE-E016-4123-B3FE-538A6691F5FC}"
EndProject
Project("{FAE04EC0-301F-11D3-BF4B-00C04F79EFBC}") = "PopravkaNaPlochki", "PopravkaNaPlochki\PopravkaNaPlochki.csproj", "{174CA965-3C96-4ED6-8BD9-4C1759E78BB7}"
EndProject
Project("{FAE04EC0-301F-11D3-BF4B-00C04F79EFBC}") = "Money", "Money\Money.csproj", "{B1B2AC6A-9910-421E-B693-A85FFD97BA75}"
EndProject
Project("{FAE04EC0-301F-11D3-BF4B-00C04F79EFBC}") = "07. 2D Rectangle Area", "07. 2D Rectangle Area\07. 2D Rectangle Area.csproj", "{F17CD022-AAE4-4D91-9B93-610DED5C5926}"
EndProject
Project("{FAE04EC0-301F-11D3-BF4B-00C04F79EFBC}") = "13. 1000 Days After Birth", "13. 1000 Days After Birth\13. 1000 Days After Birth.csproj", "{9B81B3D8-27D0-456C-BC32-0F74DBD04E8A}"
EndProject
Project("{FAE04EC0-301F-11D3-BF4B-00C04F79EFBC}") = "01. Training Lab", "01. Training Lab\01. Training Lab.csproj", "{56E5CC93-9F57-4772-90B6-FFE72F6DC8CF}"
EndProject
Project("{FAE04EC0-301F-11D3-BF4B-00C04F79EFBC}") = "Zelenchukova Borsa", "Zelenchukova Borsa\Zelenchukova Borsa.csproj", "{94D739A9-B729-426D-9E3B-FA3482D4768C}"
EndProject
Project("{FAE04EC0-301F-11D3-BF4B-00C04F79EFBC}") = "Dnevna Pechalba", "Dnevna Pechalba\Dnevna Pechalba.csproj", "{77490691-EB6B-4835-8574-FF656BD4274C}"
EndProject
Global
	GlobalSection(SolutionConfigurationPlatforms) = preSolution
		Debug|Any CPU = Debug|Any CPU
		Release|Any CPU = Release|Any CPU
	EndGlobalSection
	GlobalSection(ProjectConfigurationPlatforms) = postSolution
		{89349991-FC01-49ED-BDAB-01402B7FE543}.Debug|Any CPU.ActiveCfg = Debug|Any CPU
		{89349991-FC01-49ED-BDAB-01402B7FE543}.Debug|Any CPU.Build.0 = Debug|Any CPU
		{89349991-FC01-49ED-BDAB-01402B7FE543}.Release|Any CPU.ActiveCfg = Release|Any CPU
		{89349991-FC01-49ED-BDAB-01402B7FE543}.Release|Any CPU.Build.0 = Release|Any CPU
		{F9072076-D7ED-4330-B0D5-BA0C6CC65AC6}.Debug|Any CPU.ActiveCfg = Debug|Any CPU
		{F9072076-D7ED-4330-B0D5-BA0C6CC65AC6}.Debug|Any CPU.Build.0 = Debug|Any CPU
		{F9072076-D7ED-4330-B0D5-BA0C6CC65AC6}.Release|Any CPU.ActiveCfg = Release|Any CPU
		{F9072076-D7ED-4330-B0D5-BA0C6CC65AC6}.Release|Any CPU.Build.0 = Release|Any CPU
		{EAA23007-6C50-411F-AA58-147F5F491B51}.Debug|Any CPU.ActiveCfg = Debug|Any CPU
		{EAA23007-6C50-411F-AA58-147F5F491B51}.Debug|Any CPU.Build.0 = Debug|Any CPU
		{EAA23007-6C50-411F-AA58-147F5F491B51}.Release|Any CPU.ActiveCfg = Release|Any CPU
		{EAA23007-6C50-411F-AA58-147F5F491B51}.Release|Any CPU.Build.0 = Release|Any CPU
		{EE0195EE-94CE-48A8-8AAB-2FC89C2D6AFA}.Debug|Any CPU.ActiveCfg = Debug|Any CPU
		{EE0195EE-94CE-48A8-8AAB-2FC89C2D6AFA}.Debug|Any CPU.Build.0 = Debug|Any CPU
		{EE0195EE-94CE-48A8-8AAB-2FC89C2D6AFA}.Release|Any CPU.ActiveCfg = Release|Any CPU
		{EE0195EE-94CE-48A8-8AAB-2FC89C2D6AFA}.Release|Any CPU.Build.0 = Release|Any CPU
		{F14394B7-891A-4531-82A9-8403AC6E9E46}.Debug|Any CPU.ActiveCfg = Debug|Any CPU
		{F14394B7-891A-4531-82A9-8403AC6E9E46}.Debug|Any CPU.Build.0 = Debug|Any CPU
		{F14394B7-891A-4531-82A9-8403AC6E9E46}.Release|Any CPU.ActiveCfg = Release|Any CPU
		{F14394B7-891A-4531-82A9-8403AC6E9E46}.Release|Any CPU.Build.0 = Release|Any CPU
		{D979B378-402D-4758-88B8-71C0141010EA}.Debug|Any CPU.ActiveCfg = Debug|Any CPU
		{D979B378-402D-4758-88B8-71C0141010EA}.Debug|Any CPU.Build.0 = Debug|Any CPU
		{D979B378-402D-4758-88B8-71C0141010EA}.Release|Any CPU.ActiveCfg = Release|Any CPU
		{D979B378-402D-4758-88B8-71C0141010EA}.Release|Any CPU.Build.0 = Release|Any CPU
		{07E84B44-85DA-4294-8391-A9CFC18CFFCA}.Debug|Any CPU.ActiveCfg = Debug|Any CPU
		{07E84B44-85DA-4294-8391-A9CFC18CFFCA}.Debug|Any CPU.Build.0 = Debug|Any CPU
		{07E84B44-85DA-4294-8391-A9CFC18CFFCA}.Release|Any CPU.ActiveCfg = Release|Any CPU
		{07E84B44-85DA-4294-8391-A9CFC18CFFCA}.Release|Any CPU.Build.0 = Release|Any CPU
		{67285252-98D2-45D0-9648-8476F72BC0A9}.Debug|Any CPU.ActiveCfg = Debug|Any CPU
		{67285252-98D2-45D0-9648-8476F72BC0A9}.Debug|Any CPU.Build.0 = Debug|Any CPU
		{67285252-98D2-45D0-9648-8476F72BC0A9}.Release|Any CPU.ActiveCfg = Release|Any CPU
		{67285252-98D2-45D0-9648-8476F72BC0A9}.Release|Any CPU.Build.0 = Release|Any CPU
		{6D482BEB-6200-49AE-8025-2A5412EC550F}.Debug|Any CPU.ActiveCfg = Debug|Any CPU
		{6D482BEB-6200-49AE-8025-2A5412EC550F}.Debug|Any CPU.Build.0 = Debug|Any CPU
		{6D482BEB-6200-49AE-8025-2A5412EC550F}.Release|Any CPU.ActiveCfg = Release|Any CPU
		{6D482BEB-6200-49AE-8025-2A5412EC550F}.Release|Any CPU.Build.0 = Release|Any CPU
		{7EED6D35-7319-43C3-9F01-56634C12CD8E}.Debug|Any CPU.ActiveCfg = Debug|Any CPU
		{7EED6D35-7319-43C3-9F01-56634C12CD8E}.Debug|Any CPU.Build.0 = Debug|Any CPU
		{7EED6D35-7319-43C3-9F01-56634C12CD8E}.Release|Any CPU.ActiveCfg = Release|Any CPU
		{7EED6D35-7319-43C3-9F01-56634C12CD8E}.Release|Any CPU.Build.0 = Release|Any CPU
		{F0F7B27B-4030-4C86-8213-8031D0493228}.Debug|Any CPU.ActiveCfg = Debug|Any CPU
		{F0F7B27B-4030-4C86-8213-8031D0493228}.Debug|Any CPU.Build.0 = Debug|Any CPU
		{F0F7B27B-4030-4C86-8213-8031D0493228}.Release|Any CPU.ActiveCfg = Release|Any CPU
		{F0F7B27B-4030-4C86-8213-8031D0493228}.Release|Any CPU.Build.0 = Release|Any CPU
		{B331626E-F34C-41A6-B23B-7C04759AB562}.Debug|Any CPU.ActiveCfg = Debug|Any CPU
		{B331626E-F34C-41A6-B23B-7C04759AB562}.Debug|Any CPU.Build.0 = Debug|Any CPU
		{B331626E-F34C-41A6-B23B-7C04759AB562}.Release|Any CPU.ActiveCfg = Release|Any CPU
		{B331626E-F34C-41A6-B23B-7C04759AB562}.Release|Any CPU.Build.0 = Release|Any CPU
		{E503BD28-CD1F-47E4-919E-58AC1CD96DC3}.Debug|Any CPU.ActiveCfg = Debug|Any CPU
		{E503BD28-CD1F-47E4-919E-58AC1CD96DC3}.Debug|Any CPU.Build.0 = Debug|Any CPU
		{E503BD28-CD1F-47E4-919E-58AC1CD96DC3}.Release|Any CPU.ActiveCfg = Release|Any CPU
		{E503BD28-CD1F-47E4-919E-58AC1CD96DC3}.Release|Any CPU.Build.0 = Release|Any CPU
		{090FDFAE-E016-4123-B3FE-538A6691F5FC}.Debug|Any CPU.ActiveCfg = Debug|Any CPU
		{090FDFAE-E016-4123-B3FE-538A6691F5FC}.Debug|Any CPU.Build.0 = Debug|Any CPU
		{090FDFAE-E016-4123-B3FE-538A6691F5FC}.Release|Any CPU.ActiveCfg = Release|Any CPU
		{090FDFAE-E016-4123-B3FE-538A6691F5FC}.Release|Any CPU.Build.0 = Release|Any CPU
		{174CA965-3C96-4ED6-8BD9-4C1759E78BB7}.Debug|Any CPU.ActiveCfg = Debug|Any CPU
		{174CA965-3C96-4ED6-8BD9-4C1759E78BB7}.Debug|Any CPU.Build.0 = Debug|Any CPU
		{174CA965-3C96-4ED6-8BD9-4C1759E78BB7}.Release|Any CPU.ActiveCfg = Release|Any CPU
		{174CA965-3C96-4ED6-8BD9-4C1759E78BB7}.Release|Any CPU.Build.0 = Release|Any CPU
		{B1B2AC6A-9910-421E-B693-A85FFD97BA75}.Debug|Any CPU.ActiveCfg = Debug|Any CPU
		{B1B2AC6A-9910-421E-B693-A85FFD97BA75}.Debug|Any CPU.Build.0 = Debug|Any CPU
		{B1B2AC6A-9910-421E-B693-A85FFD97BA75}.Release|Any CPU.ActiveCfg = Release|Any CPU
		{B1B2AC6A-9910-421E-B693-A85FFD97BA75}.Release|Any CPU.Build.0 = Release|Any CPU
		{F17CD022-AAE4-4D91-9B93-610DED5C5926}.Debug|Any CPU.ActiveCfg = Debug|Any CPU
		{F17CD022-AAE4-4D91-9B93-610DED5C5926}.Debug|Any CPU.Build.0 = Debug|Any CPU
		{F17CD022-AAE4-4D91-9B93-610DED5C5926}.Release|Any CPU.ActiveCfg = Release|Any CPU
		{F17CD022-AAE4-4D91-9B93-610DED5C5926}.Release|Any CPU.Build.0 = Release|Any CPU
		{9B81B3D8-27D0-456C-BC32-0F74DBD04E8A}.Debug|Any CPU.ActiveCfg = Debug|Any CPU
		{9B81B3D8-27D0-456C-BC32-0F74DBD04E8A}.Debug|Any CPU.Build.0 = Debug|Any CPU
		{9B81B3D8-27D0-456C-BC32-0F74DBD04E8A}.Release|Any CPU.ActiveCfg = Release|Any CPU
		{9B81B3D8-27D0-456C-BC32-0F74DBD04E8A}.Release|Any CPU.Build.0 = Release|Any CPU
		{56E5CC93-9F57-4772-90B6-FFE72F6DC8CF}.Debug|Any CPU.ActiveCfg = Debug|Any CPU
		{56E5CC93-9F57-4772-90B6-FFE72F6DC8CF}.Debug|Any CPU.Build.0 = Debug|Any CPU
		{56E5CC93-9F57-4772-90B6-FFE72F6DC8CF}.Release|Any CPU.ActiveCfg = Release|Any CPU
		{56E5CC93-9F57-4772-90B6-FFE72F6DC8CF}.Release|Any CPU.Build.0 = Release|Any CPU
		{94D739A9-B729-426D-9E3B-FA3482D4768C}.Debug|Any CPU.ActiveCfg = Debug|Any CPU
		{94D739A9-B729-426D-9E3B-FA3482D4768C}.Debug|Any CPU.Build.0 = Debug|Any CPU
		{94D739A9-B729-426D-9E3B-FA3482D4768C}.Release|Any CPU.ActiveCfg = Release|Any CPU
		{94D739A9-B729-426D-9E3B-FA3482D4768C}.Release|Any CPU.Build.0 = Release|Any CPU
		{77490691-EB6B-4835-8574-FF656BD4274C}.Debug|Any CPU.ActiveCfg = Debug|Any CPU
		{77490691-EB6B-4835-8574-FF656BD4274C}.Debug|Any CPU.Build.0 = Debug|Any CPU
		{77490691-EB6B-4835-8574-FF656BD4274C}.Release|Any CPU.ActiveCfg = Release|Any CPU
		{77490691-EB6B-4835-8574-FF656BD4274C}.Release|Any CPU.Build.0 = Release|Any CPU
	EndGlobalSection
	GlobalSection(SolutionProperties) = preSolution
		HideSolutionNode = FALSE
	EndGlobalSection
EndGlobal
