
Microsoft Visual Studio Solution File, Format Version 12.00
# Visual Studio 14
VisualStudioVersion = 14.0.25420.1
MinimumVisualStudioVersion = 10.0.40219.1
Project("{FAE04EC0-301F-11D3-BF4B-00C04F79EFBC}") = "01. Exellent Result", "Exellent Result\01. Exellent Result.csproj", "{39E622BF-E107-4D63-B365-38DF8B5B2A56}"
EndProject
Project("{FAE04EC0-301F-11D3-BF4B-00C04F79EFBC}") = "02. Excellent or Not", "Excellent-or-Not\02. Excellent or Not.csproj", "{3CD744D2-3261-4B98-AE98-CD0DAED682F0}"
EndProject
Project("{FAE04EC0-301F-11D3-BF4B-00C04F79EFBC}") = "03. Even or Odd", "Even_or_Odd\03. Even or Odd.csproj", "{67144823-424A-4A2D-818B-D781C2264105}"
EndProject
Project("{FAE04EC0-301F-11D3-BF4B-00C04F79EFBC}") = "04. Greater Number", "Greater_Number\04. Greater Number.csproj", "{11087CA0-2043-4366-84DE-6454009AA43C}"
EndProject
Project("{FAE04EC0-301F-11D3-BF4B-00C04F79EFBC}") = "05. Number 0...9 to Text", "Number 0...9 to Text\05. Number 0...9 to Text.csproj", "{CA253E62-31F3-415C-B9F1-F4CE5F4C89FA}"
EndProject
Project("{FAE04EC0-301F-11D3-BF4B-00C04F79EFBC}") = "06. Bonus Score", "Bonus Score\06. Bonus Score.csproj", "{E5848590-2582-4F07-AAFA-5232B2EF0DA4}"
EndProject
Project("{FAE04EC0-301F-11D3-BF4B-00C04F79EFBC}") = "07. Sum Seconds", "Sum Seconds\07. Sum Seconds.csproj", "{E8903166-AF15-4270-A53C-534B791E7051}"
EndProject
Project("{FAE04EC0-301F-11D3-BF4B-00C04F79EFBC}") = "08. Metric Converter", "Metric Converter\08. Metric Converter.csproj", "{77381CEB-D2D4-44B9-9A64-5A1EEE432014}"
EndProject
Project("{FAE04EC0-301F-11D3-BF4B-00C04F79EFBC}") = "09. Password Guess", "Password Guess\09. Password Guess.csproj", "{26F1A752-9DF2-4E22-AE04-49E5C394EA9E}"
EndProject
Project("{FAE04EC0-301F-11D3-BF4B-00C04F79EFBC}") = "10. Number 100...200", "Number 100...200\10. Number 100...200.csproj", "{6FC17388-3AEB-45B2-A43E-F5CBCD023094}"
EndProject
Project("{FAE04EC0-301F-11D3-BF4B-00C04F79EFBC}") = "11. Equal Words", "Equal Words\11. Equal Words.csproj", "{A0C1A56F-388C-44B6-B742-6CF5842E60D4}"
EndProject
Project("{FAE04EC0-301F-11D3-BF4B-00C04F79EFBC}") = "Speed Info", "Speed Info\Speed Info.csproj", "{4AF401CC-CE50-48F7-B2BB-820F0833788F}"
EndProject
Project("{FAE04EC0-301F-11D3-BF4B-00C04F79EFBC}") = "Area of Figures", "Area of Figures\Area of Figures.csproj", "{DC1C932B-65B2-4DB2-981C-337D401A59C9}"
EndProject
Project("{FAE04EC0-301F-11D3-BF4B-00C04F79EFBC}") = "3 Equal Numbers", "3 Equal Numbers\3 Equal Numbers.csproj", "{BD87E830-83F8-4A4C-808E-AF8B67FCBDF0}"
EndProject
Project("{FAE04EC0-301F-11D3-BF4B-00C04F79EFBC}") = "02. Transport Price", "02. Transport Price\02. Transport Price.csproj", "{B55C0AB6-9A05-4F0B-8D65-E8B21779110B}"
EndProject
Project("{FAE04EC0-301F-11D3-BF4B-00C04F79EFBC}") = "PipesInPool", "PipesInPool\PipesInPool.csproj", "{84B703E6-2C33-42EE-93C5-6EFCB817A00F}"
EndProject
Project("{FAE04EC0-301F-11D3-BF4B-00C04F79EFBC}") = "Tom The Cat", "Tom The Cat\Tom The Cat.csproj", "{DE75BA50-9DE6-4725-8F4D-94E4AC89D61F}"
EndProject
Project("{FAE04EC0-301F-11D3-BF4B-00C04F79EFBC}") = "Harvest", "Harvest\Harvest.csproj", "{0F7BE198-BFB0-4331-B088-47CF0513468E}"
EndProject
Project("{FAE04EC0-301F-11D3-BF4B-00C04F79EFBC}") = "Firm", "Firm\Firm.csproj", "{34F578D3-E435-4C86-97FB-FD16708643E7}"
EndProject
Global
	GlobalSection(SolutionConfigurationPlatforms) = preSolution
		Debug|Any CPU = Debug|Any CPU
		Release|Any CPU = Release|Any CPU
	EndGlobalSection
	GlobalSection(ProjectConfigurationPlatforms) = postSolution
		{39E622BF-E107-4D63-B365-38DF8B5B2A56}.Debug|Any CPU.ActiveCfg = Debug|Any CPU
		{39E622BF-E107-4D63-B365-38DF8B5B2A56}.Debug|Any CPU.Build.0 = Debug|Any CPU
		{39E622BF-E107-4D63-B365-38DF8B5B2A56}.Release|Any CPU.ActiveCfg = Release|Any CPU
		{39E622BF-E107-4D63-B365-38DF8B5B2A56}.Release|Any CPU.Build.0 = Release|Any CPU
		{3CD744D2-3261-4B98-AE98-CD0DAED682F0}.Debug|Any CPU.ActiveCfg = Debug|Any CPU
		{3CD744D2-3261-4B98-AE98-CD0DAED682F0}.Debug|Any CPU.Build.0 = Debug|Any CPU
		{3CD744D2-3261-4B98-AE98-CD0DAED682F0}.Release|Any CPU.ActiveCfg = Release|Any CPU
		{3CD744D2-3261-4B98-AE98-CD0DAED682F0}.Release|Any CPU.Build.0 = Release|Any CPU
		{67144823-424A-4A2D-818B-D781C2264105}.Debug|Any CPU.ActiveCfg = Debug|Any CPU
		{67144823-424A-4A2D-818B-D781C2264105}.Debug|Any CPU.Build.0 = Debug|Any CPU
		{67144823-424A-4A2D-818B-D781C2264105}.Release|Any CPU.ActiveCfg = Release|Any CPU
		{67144823-424A-4A2D-818B-D781C2264105}.Release|Any CPU.Build.0 = Release|Any CPU
		{11087CA0-2043-4366-84DE-6454009AA43C}.Debug|Any CPU.ActiveCfg = Debug|Any CPU
		{11087CA0-2043-4366-84DE-6454009AA43C}.Debug|Any CPU.Build.0 = Debug|Any CPU
		{11087CA0-2043-4366-84DE-6454009AA43C}.Release|Any CPU.ActiveCfg = Release|Any CPU
		{11087CA0-2043-4366-84DE-6454009AA43C}.Release|Any CPU.Build.0 = Release|Any CPU
		{CA253E62-31F3-415C-B9F1-F4CE5F4C89FA}.Debug|Any CPU.ActiveCfg = Debug|Any CPU
		{CA253E62-31F3-415C-B9F1-F4CE5F4C89FA}.Debug|Any CPU.Build.0 = Debug|Any CPU
		{CA253E62-31F3-415C-B9F1-F4CE5F4C89FA}.Release|Any CPU.ActiveCfg = Release|Any CPU
		{CA253E62-31F3-415C-B9F1-F4CE5F4C89FA}.Release|Any CPU.Build.0 = Release|Any CPU
		{E5848590-2582-4F07-AAFA-5232B2EF0DA4}.Debug|Any CPU.ActiveCfg = Debug|Any CPU
		{E5848590-2582-4F07-AAFA-5232B2EF0DA4}.Debug|Any CPU.Build.0 = Debug|Any CPU
		{E5848590-2582-4F07-AAFA-5232B2EF0DA4}.Release|Any CPU.ActiveCfg = Release|Any CPU
		{E5848590-2582-4F07-AAFA-5232B2EF0DA4}.Release|Any CPU.Build.0 = Release|Any CPU
		{E8903166-AF15-4270-A53C-534B791E7051}.Debug|Any CPU.ActiveCfg = Debug|Any CPU
		{E8903166-AF15-4270-A53C-534B791E7051}.Debug|Any CPU.Build.0 = Debug|Any CPU
		{E8903166-AF15-4270-A53C-534B791E7051}.Release|Any CPU.ActiveCfg = Release|Any CPU
		{E8903166-AF15-4270-A53C-534B791E7051}.Release|Any CPU.Build.0 = Release|Any CPU
		{77381CEB-D2D4-44B9-9A64-5A1EEE432014}.Debug|Any CPU.ActiveCfg = Debug|Any CPU
		{77381CEB-D2D4-44B9-9A64-5A1EEE432014}.Debug|Any CPU.Build.0 = Debug|Any CPU
		{77381CEB-D2D4-44B9-9A64-5A1EEE432014}.Release|Any CPU.ActiveCfg = Release|Any CPU
		{77381CEB-D2D4-44B9-9A64-5A1EEE432014}.Release|Any CPU.Build.0 = Release|Any CPU
		{26F1A752-9DF2-4E22-AE04-49E5C394EA9E}.Debug|Any CPU.ActiveCfg = Debug|Any CPU
		{26F1A752-9DF2-4E22-AE04-49E5C394EA9E}.Debug|Any CPU.Build.0 = Debug|Any CPU
		{26F1A752-9DF2-4E22-AE04-49E5C394EA9E}.Release|Any CPU.ActiveCfg = Release|Any CPU
		{26F1A752-9DF2-4E22-AE04-49E5C394EA9E}.Release|Any CPU.Build.0 = Release|Any CPU
		{6FC17388-3AEB-45B2-A43E-F5CBCD023094}.Debug|Any CPU.ActiveCfg = Debug|Any CPU
		{6FC17388-3AEB-45B2-A43E-F5CBCD023094}.Debug|Any CPU.Build.0 = Debug|Any CPU
		{6FC17388-3AEB-45B2-A43E-F5CBCD023094}.Release|Any CPU.ActiveCfg = Release|Any CPU
		{6FC17388-3AEB-45B2-A43E-F5CBCD023094}.Release|Any CPU.Build.0 = Release|Any CPU
		{A0C1A56F-388C-44B6-B742-6CF5842E60D4}.Debug|Any CPU.ActiveCfg = Debug|Any CPU
		{A0C1A56F-388C-44B6-B742-6CF5842E60D4}.Debug|Any CPU.Build.0 = Debug|Any CPU
		{A0C1A56F-388C-44B6-B742-6CF5842E60D4}.Release|Any CPU.ActiveCfg = Release|Any CPU
		{A0C1A56F-388C-44B6-B742-6CF5842E60D4}.Release|Any CPU.Build.0 = Release|Any CPU
		{4AF401CC-CE50-48F7-B2BB-820F0833788F}.Debug|Any CPU.ActiveCfg = Debug|Any CPU
		{4AF401CC-CE50-48F7-B2BB-820F0833788F}.Debug|Any CPU.Build.0 = Debug|Any CPU
		{4AF401CC-CE50-48F7-B2BB-820F0833788F}.Release|Any CPU.ActiveCfg = Release|Any CPU
		{4AF401CC-CE50-48F7-B2BB-820F0833788F}.Release|Any CPU.Build.0 = Release|Any CPU
		{DC1C932B-65B2-4DB2-981C-337D401A59C9}.Debug|Any CPU.ActiveCfg = Debug|Any CPU
		{DC1C932B-65B2-4DB2-981C-337D401A59C9}.Debug|Any CPU.Build.0 = Debug|Any CPU
		{DC1C932B-65B2-4DB2-981C-337D401A59C9}.Release|Any CPU.ActiveCfg = Release|Any CPU
		{DC1C932B-65B2-4DB2-981C-337D401A59C9}.Release|Any CPU.Build.0 = Release|Any CPU
		{BD87E830-83F8-4A4C-808E-AF8B67FCBDF0}.Debug|Any CPU.ActiveCfg = Debug|Any CPU
		{BD87E830-83F8-4A4C-808E-AF8B67FCBDF0}.Debug|Any CPU.Build.0 = Debug|Any CPU
		{BD87E830-83F8-4A4C-808E-AF8B67FCBDF0}.Release|Any CPU.ActiveCfg = Release|Any CPU
		{BD87E830-83F8-4A4C-808E-AF8B67FCBDF0}.Release|Any CPU.Build.0 = Release|Any CPU
		{B55C0AB6-9A05-4F0B-8D65-E8B21779110B}.Debug|Any CPU.ActiveCfg = Debug|Any CPU
		{B55C0AB6-9A05-4F0B-8D65-E8B21779110B}.Debug|Any CPU.Build.0 = Debug|Any CPU
		{B55C0AB6-9A05-4F0B-8D65-E8B21779110B}.Release|Any CPU.ActiveCfg = Release|Any CPU
		{B55C0AB6-9A05-4F0B-8D65-E8B21779110B}.Release|Any CPU.Build.0 = Release|Any CPU
		{84B703E6-2C33-42EE-93C5-6EFCB817A00F}.Debug|Any CPU.ActiveCfg = Debug|Any CPU
		{84B703E6-2C33-42EE-93C5-6EFCB817A00F}.Debug|Any CPU.Build.0 = Debug|Any CPU
		{84B703E6-2C33-42EE-93C5-6EFCB817A00F}.Release|Any CPU.ActiveCfg = Release|Any CPU
		{84B703E6-2C33-42EE-93C5-6EFCB817A00F}.Release|Any CPU.Build.0 = Release|Any CPU
		{DE75BA50-9DE6-4725-8F4D-94E4AC89D61F}.Debug|Any CPU.ActiveCfg = Debug|Any CPU
		{DE75BA50-9DE6-4725-8F4D-94E4AC89D61F}.Debug|Any CPU.Build.0 = Debug|Any CPU
		{DE75BA50-9DE6-4725-8F4D-94E4AC89D61F}.Release|Any CPU.ActiveCfg = Release|Any CPU
		{DE75BA50-9DE6-4725-8F4D-94E4AC89D61F}.Release|Any CPU.Build.0 = Release|Any CPU
		{0F7BE198-BFB0-4331-B088-47CF0513468E}.Debug|Any CPU.ActiveCfg = Debug|Any CPU
		{0F7BE198-BFB0-4331-B088-47CF0513468E}.Debug|Any CPU.Build.0 = Debug|Any CPU
		{0F7BE198-BFB0-4331-B088-47CF0513468E}.Release|Any CPU.ActiveCfg = Release|Any CPU
		{0F7BE198-BFB0-4331-B088-47CF0513468E}.Release|Any CPU.Build.0 = Release|Any CPU
		{34F578D3-E435-4C86-97FB-FD16708643E7}.Debug|Any CPU.ActiveCfg = Debug|Any CPU
		{34F578D3-E435-4C86-97FB-FD16708643E7}.Debug|Any CPU.Build.0 = Debug|Any CPU
		{34F578D3-E435-4C86-97FB-FD16708643E7}.Release|Any CPU.ActiveCfg = Release|Any CPU
		{34F578D3-E435-4C86-97FB-FD16708643E7}.Release|Any CPU.Build.0 = Release|Any CPU
	EndGlobalSection
	GlobalSection(SolutionProperties) = preSolution
		HideSolutionNode = FALSE
	EndGlobalSection
EndGlobal
